lockfileVersion: '6.0'

settings:
  autoInstallPeers: true
  excludeLinksFromLockfile: false

dependencies:
  aleo:
    specifier: ^0.0.0
    version: 0.0.0

packages:

  /aleo@0.0.0:
    resolution: {integrity: sha512-7CFE8MBz3IQmwFoMUfRxqletqlbbL1YQCgVCqFJH5ll9pJ6fyq84thjSErhS05CGBF/zkOFkQ+hGIyugj9wt7g==}
    dev: false
